
Microsoft Visual Studio Solution File, Format Version 12.00
# Visual Studio Version 17
VisualStudioVersion = 17.12.35527.113
MinimumVisualStudioVersion = 10.0.40219.1
Project("{FAE04EC0-301F-11D3-BF4B-00C04F79EFBC}") = "Vados", "Vados\Vados.csproj", "{25349A45-D45C-4301-AB13-72A2627A9288}"
EndProject
Global
	GlobalSection(SolutionConfigurationPlatforms) = preSolution
		Debug|Any CPU = Debug|Any CPU
		Release|Any CPU = Release|Any CPU
	EndGlobalSection
	GlobalSection(ProjectConfigurationPlatforms) = postSolution
		{25349A45-D45C-4301-AB13-72A2627A9288}.Debug|Any CPU.ActiveCfg = Debug|Any CPU
		{25349A45-D45C-4301-AB13-72A2627A9288}.Debug|Any CPU.Build.0 = Debug|Any CPU
		{25349A45-D45C-4301-AB13-72A2627A9288}.Release|Any CPU.ActiveCfg = Release|Any CPU
		{25349A45-D45C-4301-AB13-72A2627A9288}.Release|Any CPU.Build.0 = Release|Any CPU
	EndGlobalSection
	GlobalSection(SolutionProperties) = preSolution
		HideSolutionNode = FALSE
	EndGlobalSection
	GlobalSection(ExtensibilityGlobals) = postSolution
		SolutionGuid = {F4F03DD2-FE24-41DF-96BD-689D3AB0E618}
	EndGlobalSection
EndGlobal
